// !$*UTF8*$!
{
	archiveVersion = 1;
	classes = {
	};
	objectVersion = 56;
	objects = {

/* Begin PBXBuildFile section */
		F14936D42B5F809600FF21E9 /* AppDelegate.swift in Sources */ = {isa = PBXBuildFile; fileRef = F14936D32B5F809600FF21E9 /* AppDelegate.swift */; };
		F14936D62B5F809600FF21E9 /* SceneDelegate.swift in Sources */ = {isa = PBXBuildFile; fileRef = F14936D52B5F809600FF21E9 /* SceneDelegate.swift */; };
		F14936D82B5F809600FF21E9 /* ViewController.swift in Sources */ = {isa = PBXBuildFile; fileRef = F14936D72B5F809600FF21E9 /* ViewController.swift */; };
		F14936DB2B5F809600FF21E9 /* Main.storyboard in Resources */ = {isa = PBXBuildFile; fileRef = F14936D92B5F809600FF21E9 /* Main.storyboard */; };
		F14936DD2B5F809700FF21E9 /* Assets.xcassets in Resources */ = {isa = PBXBuildFile; fileRef = F14936DC2B5F809700FF21E9 /* Assets.xcassets */; };
		F14936E02B5F809700FF21E9 /* LaunchScreen.storyboard in Resources */ = {isa = PBXBuildFile; fileRef = F14936DE2B5F809700FF21E9 /* LaunchScreen.storyboard */; };
		F14936EA2B5F8BC300FF21E9 /* EndpointsStore.plist in Resources */ = {isa = PBXBuildFile; fileRef = F14936E92B5F8BC300FF21E9 /* EndpointsStore.plist */; };
		F14936ED2B5FAEB000FF21E9 /* CombineMoya in Frameworks */ = {isa = PBXBuildFile; productRef = F14936EC2B5FAEB000FF21E9 /* CombineMoya */; };
		F14936EF2B5FAEB000FF21E9 /* Moya in Frameworks */ = {isa = PBXBuildFile; productRef = F14936EE2B5FAEB000FF21E9 /* Moya */; };
		F14936F12B5FAEB000FF21E9 /* ReactiveMoya in Frameworks */ = {isa = PBXBuildFile; productRef = F14936F02B5FAEB000FF21E9 /* ReactiveMoya */; };
		F14936F32B5FAEB000FF21E9 /* RxMoya in Frameworks */ = {isa = PBXBuildFile; productRef = F14936F22B5FAEB000FF21E9 /* RxMoya */; };
		F14936F52B5FBB5600FF21E9 /* EndpointsStore.swift in Sources */ = {isa = PBXBuildFile; fileRef = F14936F42B5FBB5600FF21E9 /* EndpointsStore.swift */; };
		F14936F82B5FBCF900FF21E9 /* RswiftLibrary in Frameworks */ = {isa = PBXBuildFile; productRef = F14936F72B5FBCF900FF21E9 /* RswiftLibrary */; };
		F14936FA2B5FBCF900FF21E9 /* rswift in Frameworks */ = {isa = PBXBuildFile; productRef = F14936F92B5FBCF900FF21E9 /* rswift */; };
		F14937012B5FBF2500FF21E9 /* AppInfo.swift in Sources */ = {isa = PBXBuildFile; fileRef = F14937002B5FBF2500FF21E9 /* AppInfo.swift */; };
		F1AB89AC2B5FFE7E000E1B13 /* CoinListView.swift in Sources */ = {isa = PBXBuildFile; fileRef = F1AB89A82B5FFE7E000E1B13 /* CoinListView.swift */; };
		F1AB89AD2B5FFE7E000E1B13 /* CoinListViewModel.swift in Sources */ = {isa = PBXBuildFile; fileRef = F1AB89A92B5FFE7E000E1B13 /* CoinListViewModel.swift */; };
		F1AB89AE2B5FFE7E000E1B13 /* CoinList.swift in Sources */ = {isa = PBXBuildFile; fileRef = F1AB89AA2B5FFE7E000E1B13 /* CoinList.swift */; };
		F1AB89B32B600DCB000E1B13 /* OptionallyDecodable in Frameworks */ = {isa = PBXBuildFile; productRef = F1AB89B22B600DCB000E1B13 /* OptionallyDecodable */; };
		F1AB89B62B60CD5B000E1B13 /* CoinServices.swift in Sources */ = {isa = PBXBuildFile; fileRef = F1AB89B52B60CD5B000E1B13 /* CoinServices.swift */; };
		F1AB89B82B60D7BB000E1B13 /* CoinListEntity.swift in Sources */ = {isa = PBXBuildFile; fileRef = F1AB89B72B60D7BB000E1B13 /* CoinListEntity.swift */; };
/* End PBXBuildFile section */

/* Begin PBXFileReference section */
		F14936D02B5F809600FF21E9 /* Anupong.app */ = {isa = PBXFileReference; explicitFileType = wrapper.application; includeInIndex = 0; path = Anupong.app; sourceTree = BUILT_PRODUCTS_DIR; };
		F14936D32B5F809600FF21E9 /* AppDelegate.swift */ = {isa = PBXFileReference; lastKnownFileType = sourcecode.swift; path = AppDelegate.swift; sourceTree = "<group>"; };
		F14936D52B5F809600FF21E9 /* SceneDelegate.swift */ = {isa = PBXFileReference; lastKnownFileType = sourcecode.swift; path = SceneDelegate.swift; sourceTree = "<group>"; };
		F14936D72B5F809600FF21E9 /* ViewController.swift */ = {isa = PBXFileReference; lastKnownFileType = sourcecode.swift; path = ViewController.swift; sourceTree = "<group>"; };
		F14936DA2B5F809600FF21E9 /* Base */ = {isa = PBXFileReference; lastKnownFileType = file.storyboard; name = Base; path = Base.lproj/Main.storyboard; sourceTree = "<group>"; };
		F14936DC2B5F809700FF21E9 /* Assets.xcassets */ = {isa = PBXFileReference; lastKnownFileType = folder.assetcatalog; path = Assets.xcassets; sourceTree = "<group>"; };
		F14936DF2B5F809700FF21E9 /* Base */ = {isa = PBXFileReference; lastKnownFileType = file.storyboard; name = Base; path = Base.lproj/LaunchScreen.storyboard; sourceTree = "<group>"; };
		F14936E12B5F809700FF21E9 /* Info.plist */ = {isa = PBXFileReference; lastKnownFileType = text.plist.xml; path = Info.plist; sourceTree = "<group>"; };
		F14936E92B5F8BC300FF21E9 /* EndpointsStore.plist */ = {isa = PBXFileReference; lastKnownFileType = text.plist.xml; path = EndpointsStore.plist; sourceTree = "<group>"; };
		F14936F42B5FBB5600FF21E9 /* EndpointsStore.swift */ = {isa = PBXFileReference; lastKnownFileType = sourcecode.swift; path = EndpointsStore.swift; sourceTree = "<group>"; };
		F14937002B5FBF2500FF21E9 /* AppInfo.swift */ = {isa = PBXFileReference; lastKnownFileType = sourcecode.swift; path = AppInfo.swift; sourceTree = "<group>"; };
		F1AB89A82B5FFE7E000E1B13 /* CoinListView.swift */ = {isa = PBXFileReference; lastKnownFileType = sourcecode.swift; path = CoinListView.swift; sourceTree = "<group>"; };
		F1AB89A92B5FFE7E000E1B13 /* CoinListViewModel.swift */ = {isa = PBXFileReference; lastKnownFileType = sourcecode.swift; path = CoinListViewModel.swift; sourceTree = "<group>"; };
		F1AB89AA2B5FFE7E000E1B13 /* CoinList.swift */ = {isa = PBXFileReference; lastKnownFileType = sourcecode.swift; path = CoinList.swift; sourceTree = "<group>"; };
		F1AB89B52B60CD5B000E1B13 /* CoinServices.swift */ = {isa = PBXFileReference; lastKnownFileType = sourcecode.swift; path = CoinServices.swift; sourceTree = "<group>"; };
		F1AB89B72B60D7BB000E1B13 /* CoinListEntity.swift */ = {isa = PBXFileReference; lastKnownFileType = sourcecode.swift; path = CoinListEntity.swift; sourceTree = "<group>"; };
/* End PBXFileReference section */

/* Begin PBXFrameworksBuildPhase section */
		F14936CD2B5F809600FF21E9 /* Frameworks */ = {
			isa = PBXFrameworksBuildPhase;
			buildActionMask = 2147483647;
			files = (
				F1AB89B32B600DCB000E1B13 /* OptionallyDecodable in Frameworks */,
				F14936F82B5FBCF900FF21E9 /* RswiftLibrary in Frameworks */,
				F14936EF2B5FAEB000FF21E9 /* Moya in Frameworks */,
				F14936ED2B5FAEB000FF21E9 /* CombineMoya in Frameworks */,
				F14936F32B5FAEB000FF21E9 /* RxMoya in Frameworks */,
				F14936F12B5FAEB000FF21E9 /* ReactiveMoya in Frameworks */,
				F14936FA2B5FBCF900FF21E9 /* rswift in Frameworks */,
			);
			runOnlyForDeploymentPostprocessing = 0;
		};
/* End PBXFrameworksBuildPhase section */

/* Begin PBXGroup section */
		F14936C72B5F809600FF21E9 = {
			isa = PBXGroup;
			children = (
				F14936E72B5F8B7600FF21E9 /* Shared */,
				F14936D22B5F809600FF21E9 /* Anupong */,
				F14936D12B5F809600FF21E9 /* Products */,
			);
			sourceTree = "<group>";
		};
		F14936D12B5F809600FF21E9 /* Products */ = {
			isa = PBXGroup;
			children = (
				F14936D02B5F809600FF21E9 /* Anupong.app */,
			);
			name = Products;
			sourceTree = "<group>";
		};
		F14936D22B5F809600FF21E9 /* Anupong */ = {
			isa = PBXGroup;
			children = (
				F149370D2B5FFD3800FF21E9 /* CoinList */,
				F14936D32B5F809600FF21E9 /* AppDelegate.swift */,
				F14936D52B5F809600FF21E9 /* SceneDelegate.swift */,
				F14936D72B5F809600FF21E9 /* ViewController.swift */,
				F14936D92B5F809600FF21E9 /* Main.storyboard */,
				F14936DC2B5F809700FF21E9 /* Assets.xcassets */,
				F14936DE2B5F809700FF21E9 /* LaunchScreen.storyboard */,
				F14936E12B5F809700FF21E9 /* Info.plist */,
			);
			path = Anupong;
			sourceTree = "<group>";
		};
		F14936E72B5F8B7600FF21E9 /* Shared */ = {
			isa = PBXGroup;
			children = (
				F1AB89B42B60CD21000E1B13 /* Services */,
				F14936FF2B5FBF1100FF21E9 /* AppInfo */,
				F14936E82B5F8B8B00FF21E9 /* Endpoint */,
			);
			path = Shared;
			sourceTree = "<group>";
		};
		F14936E82B5F8B8B00FF21E9 /* Endpoint */ = {
			isa = PBXGroup;
			children = (
				F14936E92B5F8BC300FF21E9 /* EndpointsStore.plist */,
				F14936F42B5FBB5600FF21E9 /* EndpointsStore.swift */,
			);
			path = Endpoint;
			sourceTree = "<group>";
		};
		F14936FF2B5FBF1100FF21E9 /* AppInfo */ = {
			isa = PBXGroup;
			children = (
				F14937002B5FBF2500FF21E9 /* AppInfo.swift */,
			);
			path = AppInfo;
			sourceTree = "<group>";
		};
		F149370D2B5FFD3800FF21E9 /* CoinList */ = {
			isa = PBXGroup;
			children = (
				F1AB89A82B5FFE7E000E1B13 /* CoinListView.swift */,
				F1AB89A92B5FFE7E000E1B13 /* CoinListViewModel.swift */,
				F1AB89AA2B5FFE7E000E1B13 /* CoinList.swift */,
				F1AB89B72B60D7BB000E1B13 /* CoinListEntity.swift */,
			);
			path = CoinList;
			sourceTree = "<group>";
		};
		F1AB89B42B60CD21000E1B13 /* Services */ = {
			isa = PBXGroup;
			children = (
				F1AB89B52B60CD5B000E1B13 /* CoinServices.swift */,
			);
			path = Services;
			sourceTree = "<group>";
		};
/* End PBXGroup section */

/* Begin PBXNativeTarget section */
		F14936CF2B5F809600FF21E9 /* Anupong */ = {
			isa = PBXNativeTarget;
			buildConfigurationList = F14936E42B5F809700FF21E9 /* Build configuration list for PBXNativeTarget "Anupong" */;
			buildPhases = (
				F14936CC2B5F809600FF21E9 /* Sources */,
				F14936CD2B5F809600FF21E9 /* Frameworks */,
				F14936CE2B5F809600FF21E9 /* Resources */,
			);
			buildRules = (
			);
			dependencies = (
				F14936FC2B5FBD2B00FF21E9 /* PBXTargetDependency */,
			);
			name = Anupong;
			packageProductDependencies = (
				F14936EC2B5FAEB000FF21E9 /* CombineMoya */,
				F14936EE2B5FAEB000FF21E9 /* Moya */,
				F14936F02B5FAEB000FF21E9 /* ReactiveMoya */,
				F14936F22B5FAEB000FF21E9 /* RxMoya */,
				F14936F72B5FBCF900FF21E9 /* RswiftLibrary */,
				F14936F92B5FBCF900FF21E9 /* rswift */,
				F1AB89B22B600DCB000E1B13 /* OptionallyDecodable */,
			);
			productName = Anupong;
			productReference = F14936D02B5F809600FF21E9 /* Anupong.app */;
			productType = "com.apple.product-type.application";
		};
/* End PBXNativeTarget section */

/* Begin PBXProject section */
		F14936C82B5F809600FF21E9 /* Project object */ = {
			isa = PBXProject;
			attributes = {
				BuildIndependentTargetsInParallel = 1;
				LastSwiftUpdateCheck = 1520;
				LastUpgradeCheck = 1520;
				TargetAttributes = {
					F14936CF2B5F809600FF21E9 = {
						CreatedOnToolsVersion = 15.2;
					};
				};
			};
			buildConfigurationList = F14936CB2B5F809600FF21E9 /* Build configuration list for PBXProject "Anupong" */;
			compatibilityVersion = "Xcode 14.0";
			developmentRegion = en;
			hasScannedForEncodings = 0;
			knownRegions = (
				en,
				Base,
			);
			mainGroup = F14936C72B5F809600FF21E9;
			packageReferences = (
				F14936EB2B5FAEB000FF21E9 /* XCRemoteSwiftPackageReference "Moya" */,
				F14936F62B5FBCF900FF21E9 /* XCRemoteSwiftPackageReference "R.swift" */,
				F1AB89B12B600DCB000E1B13 /* XCRemoteSwiftPackageReference "OptionallyDecodable" */,
			);
			productRefGroup = F14936D12B5F809600FF21E9 /* Products */;
			projectDirPath = "";
			projectRoot = "";
			targets = (
				F14936CF2B5F809600FF21E9 /* Anupong */,
			);
		};
/* End PBXProject section */

/* Begin PBXResourcesBuildPhase section */
		F14936CE2B5F809600FF21E9 /* Resources */ = {
			isa = PBXResourcesBuildPhase;
			buildActionMask = 2147483647;
			files = (
				F14936E02B5F809700FF21E9 /* LaunchScreen.storyboard in Resources */,
				F14936DD2B5F809700FF21E9 /* Assets.xcassets in Resources */,
				F14936DB2B5F809600FF21E9 /* Main.storyboard in Resources */,
				F14936EA2B5F8BC300FF21E9 /* EndpointsStore.plist in Resources */,
			);
			runOnlyForDeploymentPostprocessing = 0;
		};
/* End PBXResourcesBuildPhase section */

/* Begin PBXSourcesBuildPhase section */
		F14936CC2B5F809600FF21E9 /* Sources */ = {
			isa = PBXSourcesBuildPhase;
			buildActionMask = 2147483647;
			files = (
				F14936F52B5FBB5600FF21E9 /* EndpointsStore.swift in Sources */,
				F14937012B5FBF2500FF21E9 /* AppInfo.swift in Sources */,
				F14936D82B5F809600FF21E9 /* ViewController.swift in Sources */,
				F1AB89B82B60D7BB000E1B13 /* CoinListEntity.swift in Sources */,
				F14936D42B5F809600FF21E9 /* AppDelegate.swift in Sources */,
				F14936D62B5F809600FF21E9 /* SceneDelegate.swift in Sources */,
				F1AB89AC2B5FFE7E000E1B13 /* CoinListView.swift in Sources */,
				F1AB89AE2B5FFE7E000E1B13 /* CoinList.swift in Sources */,
				F1AB89AD2B5FFE7E000E1B13 /* CoinListViewModel.swift in Sources */,
				F1AB89B62B60CD5B000E1B13 /* CoinServices.swift in Sources */,
			);
			runOnlyForDeploymentPostprocessing = 0;
		};
/* End PBXSourcesBuildPhase section */

/* Begin PBXTargetDependency section */
		F14936FC2B5FBD2B00FF21E9 /* PBXTargetDependency */ = {
			isa = PBXTargetDependency;
			productRef = F14936FB2B5FBD2B00FF21E9 /* RswiftGenerateInternalResources */;
		};
/* End PBXTargetDependency section */

/* Begin PBXVariantGroup section */
		F14936D92B5F809600FF21E9 /* Main.storyboard */ = {
			isa = PBXVariantGroup;
			children = (
				F14936DA2B5F809600FF21E9 /* Base */,
			);
			name = Main.storyboard;
			sourceTree = "<group>";
		};
		F14936DE2B5F809700FF21E9 /* LaunchScreen.storyboard */ = {
			isa = PBXVariantGroup;
			children = (
				F14936DF2B5F809700FF21E9 /* Base */,
			);
			name = LaunchScreen.storyboard;
			sourceTree = "<group>";
		};
/* End PBXVariantGroup section */

/* Begin XCBuildConfiguration section */
		F14936E22B5F809700FF21E9 /* Debug */ = {
			isa = XCBuildConfiguration;
			buildSettings = {
				ALWAYS_SEARCH_USER_PATHS = NO;
				ASSETCATALOG_COMPILER_GENERATE_SWIFT_ASSET_SYMBOL_EXTENSIONS = YES;
				CLANG_ANALYZER_NONNULL = YES;
				CLANG_ANALYZER_NUMBER_OBJECT_CONVERSION = YES_AGGRESSIVE;
				CLANG_CXX_LANGUAGE_STANDARD = "gnu++20";
				CLANG_ENABLE_MODULES = YES;
				CLANG_ENABLE_OBJC_ARC = YES;
				CLANG_ENABLE_OBJC_WEAK = YES;
				CLANG_WARN_BLOCK_CAPTURE_AUTORELEASING = YES;
				CLANG_WARN_BOOL_CONVERSION = YES;
				CLANG_WARN_COMMA = YES;
				CLANG_WARN_CONSTANT_CONVERSION = YES;
				CLANG_WARN_DEPRECATED_OBJC_IMPLEMENTATIONS = YES;
				CLANG_WARN_DIRECT_OBJC_ISA_USAGE = YES_ERROR;
				CLANG_WARN_DOCUMENTATION_COMMENTS = YES;
				CLANG_WARN_EMPTY_BODY = YES;
				CLANG_WARN_ENUM_CONVERSION = YES;
				CLANG_WARN_INFINITE_RECURSION = YES;
				CLANG_WARN_INT_CONVERSION = YES;
				CLANG_WARN_NON_LITERAL_NULL_CONVERSION = YES;
				CLANG_WARN_OBJC_IMPLICIT_RETAIN_SELF = YES;
				CLANG_WARN_OBJC_LITERAL_CONVERSION = YES;
				CLANG_WARN_OBJC_ROOT_CLASS = YES_ERROR;
				CLANG_WARN_QUOTED_INCLUDE_IN_FRAMEWORK_HEADER = YES;
				CLANG_WARN_RANGE_LOOP_ANALYSIS = YES;
				CLANG_WARN_STRICT_PROTOTYPES = YES;
				CLANG_WARN_SUSPICIOUS_MOVE = YES;
				CLANG_WARN_UNGUARDED_AVAILABILITY = YES_AGGRESSIVE;
				CLANG_WARN_UNREACHABLE_CODE = YES;
				CLANG_WARN__DUPLICATE_METHOD_MATCH = YES;
				COPY_PHASE_STRIP = NO;
				DEBUG_INFORMATION_FORMAT = dwarf;
				ENABLE_STRICT_OBJC_MSGSEND = YES;
				ENABLE_TESTABILITY = YES;
				ENABLE_USER_SCRIPT_SANDBOXING = YES;
				GCC_C_LANGUAGE_STANDARD = gnu17;
				GCC_DYNAMIC_NO_PIC = NO;
				GCC_NO_COMMON_BLOCKS = YES;
				GCC_OPTIMIZATION_LEVEL = 0;
				GCC_PREPROCESSOR_DEFINITIONS = (
					"DEBUG=1",
					"$(inherited)",
				);
				GCC_WARN_64_TO_32_BIT_CONVERSION = YES;
				GCC_WARN_ABOUT_RETURN_TYPE = YES_ERROR;
				GCC_WARN_UNDECLARED_SELECTOR = YES;
				GCC_WARN_UNINITIALIZED_AUTOS = YES_AGGRESSIVE;
				GCC_WARN_UNUSED_FUNCTION = YES;
				GCC_WARN_UNUSED_VARIABLE = YES;
				IPHONEOS_DEPLOYMENT_TARGET = 17.2;
				LOCALIZATION_PREFERS_STRING_CATALOGS = YES;
				MTL_ENABLE_DEBUG_INFO = INCLUDE_SOURCE;
				MTL_FAST_MATH = YES;
				ONLY_ACTIVE_ARCH = YES;
				SDKROOT = iphoneos;
				SWIFT_ACTIVE_COMPILATION_CONDITIONS = "DEBUG $(inherited)";
				SWIFT_OPTIMIZATION_LEVEL = "-Onone";
			};
			name = Debug;
		};
		F14936E32B5F809700FF21E9 /* Release */ = {
			isa = XCBuildConfiguration;
			buildSettings = {
				ALWAYS_SEARCH_USER_PATHS = NO;
				ASSETCATALOG_COMPILER_GENERATE_SWIFT_ASSET_SYMBOL_EXTENSIONS = YES;
				CLANG_ANALYZER_NONNULL = YES;
				CLANG_ANALYZER_NUMBER_OBJECT_CONVERSION = YES_AGGRESSIVE;
				CLANG_CXX_LANGUAGE_STANDARD = "gnu++20";
				CLANG_ENABLE_MODULES = YES;
				CLANG_ENABLE_OBJC_ARC = YES;
				CLANG_ENABLE_OBJC_WEAK = YES;
				CLANG_WARN_BLOCK_CAPTURE_AUTORELEASING = YES;
				CLANG_WARN_BOOL_CONVERSION = YES;
				CLANG_WARN_COMMA = YES;
				CLANG_WARN_CONSTANT_CONVERSION = YES;
				CLANG_WARN_DEPRECATED_OBJC_IMPLEMENTATIONS = YES;
				CLANG_WARN_DIRECT_OBJC_ISA_USAGE = YES_ERROR;
				CLANG_WARN_DOCUMENTATION_COMMENTS = YES;
				CLANG_WARN_EMPTY_BODY = YES;
				CLANG_WARN_ENUM_CONVERSION = YES;
				CLANG_WARN_INFINITE_RECURSION = YES;
				CLANG_WARN_INT_CONVERSION = YES;
				CLANG_WARN_NON_LITERAL_NULL_CONVERSION = YES;
				CLANG_WARN_OBJC_IMPLICIT_RETAIN_SELF = YES;
				CLANG_WARN_OBJC_LITERAL_CONVERSION = YES;
				CLANG_WARN_OBJC_ROOT_CLASS = YES_ERROR;
				CLANG_WARN_QUOTED_INCLUDE_IN_FRAMEWORK_HEADER = YES;
				CLANG_WARN_RANGE_LOOP_ANALYSIS = YES;
				CLANG_WARN_STRICT_PROTOTYPES = YES;
				CLANG_WARN_SUSPICIOUS_MOVE = YES;
				CLANG_WARN_UNGUARDED_AVAILABILITY = YES_AGGRESSIVE;
				CLANG_WARN_UNREACHABLE_CODE = YES;
				CLANG_WARN__DUPLICATE_METHOD_MATCH = YES;
				COPY_PHASE_STRIP = NO;
				DEBUG_INFORMATION_FORMAT = "dwarf-with-dsym";
				ENABLE_NS_ASSERTIONS = NO;
				ENABLE_STRICT_OBJC_MSGSEND = YES;
				ENABLE_USER_SCRIPT_SANDBOXING = YES;
				GCC_C_LANGUAGE_STANDARD = gnu17;
				GCC_NO_COMMON_BLOCKS = YES;
				GCC_WARN_64_TO_32_BIT_CONVERSION = YES;
				GCC_WARN_ABOUT_RETURN_TYPE = YES_ERROR;
				GCC_WARN_UNDECLARED_SELECTOR = YES;
				GCC_WARN_UNINITIALIZED_AUTOS = YES_AGGRESSIVE;
				GCC_WARN_UNUSED_FUNCTION = YES;
				GCC_WARN_UNUSED_VARIABLE = YES;
				IPHONEOS_DEPLOYMENT_TARGET = 17.2;
				LOCALIZATION_PREFERS_STRING_CATALOGS = YES;
				MTL_ENABLE_DEBUG_INFO = NO;
				MTL_FAST_MATH = YES;
				SDKROOT = iphoneos;
				SWIFT_COMPILATION_MODE = wholemodule;
				VALIDATE_PRODUCT = YES;
			};
			name = Release;
		};
		F14936E52B5F809700FF21E9 /* Debug */ = {
			isa = XCBuildConfiguration;
			buildSettings = {
				ASSETCATALOG_COMPILER_APPICON_NAME = AppIcon;
				ASSETCATALOG_COMPILER_GLOBAL_ACCENT_COLOR_NAME = AccentColor;
				CODE_SIGN_STYLE = Automatic;
				CURRENT_PROJECT_VERSION = 1;
				GENERATE_INFOPLIST_FILE = YES;
				INFOPLIST_FILE = Anupong/Info.plist;
				INFOPLIST_KEY_UIApplicationSupportsIndirectInputEvents = YES;
				INFOPLIST_KEY_UILaunchStoryboardName = LaunchScreen;
				INFOPLIST_KEY_UIMainStoryboardFile = Main;
				INFOPLIST_KEY_UISupportedInterfaceOrientations_iPad = "UIInterfaceOrientationPortrait UIInterfaceOrientationPortraitUpsideDown UIInterfaceOrientationLandscapeLeft UIInterfaceOrientationLandscapeRight";
				INFOPLIST_KEY_UISupportedInterfaceOrientations_iPhone = "UIInterfaceOrientationPortrait UIInterfaceOrientationLandscapeLeft UIInterfaceOrientationLandscapeRight";
				LD_RUNPATH_SEARCH_PATHS = (
					"$(inherited)",
					"@executable_path/Frameworks",
				);
				MARKETING_VERSION = 1.0;
				PRODUCT_BUNDLE_IDENTIFIER = "Anupong-Dorkkum.Anupong";
				PRODUCT_NAME = "$(TARGET_NAME)";
				SWIFT_EMIT_LOC_STRINGS = YES;
				SWIFT_VERSION = 5.0;
				TARGETED_DEVICE_FAMILY = "1,2";
			};
			name = Debug;
		};
		F14936E62B5F809700FF21E9 /* Release */ = {
			isa = XCBuildConfiguration;
			buildSettings = {
				ASSETCATALOG_COMPILER_APPICON_NAME = AppIcon;
				ASSETCATALOG_COMPILER_GLOBAL_ACCENT_COLOR_NAME = AccentColor;
				CODE_SIGN_STYLE = Automatic;
				CURRENT_PROJECT_VERSION = 1;
				GENERATE_INFOPLIST_FILE = YES;
				INFOPLIST_FILE = Anupong/Info.plist;
				INFOPLIST_KEY_UIApplicationSupportsIndirectInputEvents = YES;
				INFOPLIST_KEY_UILaunchStoryboardName = LaunchScreen;
				INFOPLIST_KEY_UIMainStoryboardFile = Main;
				INFOPLIST_KEY_UISupportedInterfaceOrientations_iPad = "UIInterfaceOrientationPortrait UIInterfaceOrientationPortraitUpsideDown UIInterfaceOrientationLandscapeLeft UIInterfaceOrientationLandscapeRight";
				INFOPLIST_KEY_UISupportedInterfaceOrientations_iPhone = "UIInterfaceOrientationPortrait UIInterfaceOrientationLandscapeLeft UIInterfaceOrientationLandscapeRight";
				LD_RUNPATH_SEARCH_PATHS = (
					"$(inherited)",
					"@executable_path/Frameworks",
				);
				MARKETING_VERSION = 1.0;
				PRODUCT_BUNDLE_IDENTIFIER = "Anupong-Dorkkum.Anupong";
				PRODUCT_NAME = "$(TARGET_NAME)";
				SWIFT_EMIT_LOC_STRINGS = YES;
				SWIFT_VERSION = 5.0;
				TARGETED_DEVICE_FAMILY = "1,2";
			};
			name = Release;
		};
/* End XCBuildConfiguration section */

/* Begin XCConfigurationList section */
		F14936CB2B5F809600FF21E9 /* Build configuration list for PBXProject "Anupong" */ = {
			isa = XCConfigurationList;
			buildConfigurations = (
				F14936E22B5F809700FF21E9 /* Debug */,
				F14936E32B5F809700FF21E9 /* Release */,
			);
			defaultConfigurationIsVisible = 0;
			defaultConfigurationName = Release;
		};
		F14936E42B5F809700FF21E9 /* Build configuration list for PBXNativeTarget "Anupong" */ = {
			isa = XCConfigurationList;
			buildConfigurations = (
				F14936E52B5F809700FF21E9 /* Debug */,
				F14936E62B5F809700FF21E9 /* Release */,
			);
			defaultConfigurationIsVisible = 0;
			defaultConfigurationName = Release;
		};
/* End XCConfigurationList section */

/* Begin XCRemoteSwiftPackageReference section */
		F14936EB2B5FAEB000FF21E9 /* XCRemoteSwiftPackageReference "Moya" */ = {
			isa = XCRemoteSwiftPackageReference;
			repositoryURL = "https://github.com/Moya/Moya.git";
			requirement = {
				kind = upToNextMajorVersion;
				minimumVersion = 15.0.3;
			};
		};
		F14936F62B5FBCF900FF21E9 /* XCRemoteSwiftPackageReference "R.swift" */ = {
			isa = XCRemoteSwiftPackageReference;
			repositoryURL = "https://github.com/mac-cain13/R.swift.git";
			requirement = {
				kind = upToNextMajorVersion;
				minimumVersion = 7.4.0;
			};
		};
		F1AB89B12B600DCB000E1B13 /* XCRemoteSwiftPackageReference "OptionallyDecodable" */ = {
			isa = XCRemoteSwiftPackageReference;
			repositoryURL = "https://github.com/idrougge/OptionallyDecodable.git";
			requirement = {
				kind = upToNextMajorVersion;
				minimumVersion = 1.2.0;
			};
		};
/* End XCRemoteSwiftPackageReference section */

/* Begin XCSwiftPackageProductDependency section */
		F14936EC2B5FAEB000FF21E9 /* CombineMoya */ = {
			isa = XCSwiftPackageProductDependency;
			package = F14936EB2B5FAEB000FF21E9 /* XCRemoteSwiftPackageReference "Moya" */;
			productName = CombineMoya;
		};
		F14936EE2B5FAEB000FF21E9 /* Moya */ = {
			isa = XCSwiftPackageProductDependency;
			package = F14936EB2B5FAEB000FF21E9 /* XCRemoteSwiftPackageReference "Moya" */;
			productName = Moya;
		};
		F14936F02B5FAEB000FF21E9 /* ReactiveMoya */ = {
			isa = XCSwiftPackageProductDependency;
			package = F14936EB2B5FAEB000FF21E9 /* XCRemoteSwiftPackageReference "Moya" */;
			productName = ReactiveMoya;
		};
		F14936F22B5FAEB000FF21E9 /* RxMoya */ = {
			isa = XCSwiftPackageProductDependency;
			package = F14936EB2B5FAEB000FF21E9 /* XCRemoteSwiftPackageReference "Moya" */;
			productName = RxMoya;
		};
		F14936F72B5FBCF900FF21E9 /* RswiftLibrary */ = {
			isa = XCSwiftPackageProductDependency;
			package = F14936F62B5FBCF900FF21E9 /* XCRemoteSwiftPackageReference "R.swift" */;
			productName = RswiftLibrary;
		};
		F14936F92B5FBCF900FF21E9 /* rswift */ = {
			isa = XCSwiftPackageProductDependency;
			package = F14936F62B5FBCF900FF21E9 /* XCRemoteSwiftPackageReference "R.swift" */;
			productName = rswift;
		};
		F14936FB2B5FBD2B00FF21E9 /* RswiftGenerateInternalResources */ = {
			isa = XCSwiftPackageProductDependency;
			package = F14936F62B5FBCF900FF21E9 /* XCRemoteSwiftPackageReference "R.swift" */;
			productName = "plugin:RswiftGenerateInternalResources";
		};
		F1AB89B22B600DCB000E1B13 /* OptionallyDecodable */ = {
			isa = XCSwiftPackageProductDependency;
			package = F1AB89B12B600DCB000E1B13 /* XCRemoteSwiftPackageReference "OptionallyDecodable" */;
			productName = OptionallyDecodable;
		};
/* End XCSwiftPackageProductDependency section */
	};
	rootObject = F14936C82B5F809600FF21E9 /* Project object */;
}
